
Microsoft Visual Studio Solution File, Format Version 12.00
# Visual Studio 15
VisualStudioVersion = 15.0.28010.2003
MinimumVisualStudioVersion = 10.0.40219.1
Project("{9A19103F-16F7-4668-BE54-9A1E7A4F7556}") = "GraduateUppgift", "GraduateUppgift\GraduateUppgift.csproj", "{D7DEA545-C242-4B26-89F5-5BB0CA87F251}"
EndProject
Project("{FAE04EC0-301F-11D3-BF4B-00C04F79EFBC}") = "GraduateUppgift.Core", "GraduateUppgift.Core\GraduateUppgift.Core.csproj", "{3E715B0C-5317-4949-B01B-F6210BA6B434}"
EndProject
Global
	GlobalSection(SolutionConfigurationPlatforms) = preSolution
		Debug|Any CPU = Debug|Any CPU
		Release|Any CPU = Release|Any CPU
	EndGlobalSection
	GlobalSection(ProjectConfigurationPlatforms) = postSolution
		{D7DEA545-C242-4B26-89F5-5BB0CA87F251}.Debug|Any CPU.ActiveCfg = Debug|Any CPU
		{D7DEA545-C242-4B26-89F5-5BB0CA87F251}.Debug|Any CPU.Build.0 = Debug|Any CPU
		{D7DEA545-C242-4B26-89F5-5BB0CA87F251}.Release|Any CPU.ActiveCfg = Release|Any CPU
		{D7DEA545-C242-4B26-89F5-5BB0CA87F251}.Release|Any CPU.Build.0 = Release|Any CPU
		{3E715B0C-5317-4949-B01B-F6210BA6B434}.Debug|Any CPU.ActiveCfg = Debug|Any CPU
		{3E715B0C-5317-4949-B01B-F6210BA6B434}.Debug|Any CPU.Build.0 = Debug|Any CPU
		{3E715B0C-5317-4949-B01B-F6210BA6B434}.Release|Any CPU.ActiveCfg = Release|Any CPU
		{3E715B0C-5317-4949-B01B-F6210BA6B434}.Release|Any CPU.Build.0 = Release|Any CPU
	EndGlobalSection
	GlobalSection(SolutionProperties) = preSolution
		HideSolutionNode = FALSE
	EndGlobalSection
	GlobalSection(ExtensibilityGlobals) = postSolution
		SolutionGuid = {877A7141-63E2-4D27-8F20-21B967C3087D}
	EndGlobalSection
EndGlobal
